
Microsoft Visual Studio Solution File, Format Version 12.00
# Visual Studio Version 17
VisualStudioVersion = 17.3.32804.467
MinimumVisualStudioVersion = 10.0.40219.1
Project("{FAE04EC0-301F-11D3-BF4B-00C04F79EFBC}") = "WinFormOturumAcmaIslemleri", "WinFormOturumAcmaIslemleri\WinFormOturumAcmaIslemleri.csproj", "{C352C0A4-C183-408B-99E8-041F1EF3389E}"
EndProject
Global
	GlobalSection(SolutionConfigurationPlatforms) = preSolution
		Debug|Any CPU = Debug|Any CPU
		Release|Any CPU = Release|Any CPU
	EndGlobalSection
	GlobalSection(ProjectConfigurationPlatforms) = postSolution
		{C352C0A4-C183-408B-99E8-041F1EF3389E}.Debug|Any CPU.ActiveCfg = Debug|Any CPU
		{C352C0A4-C183-408B-99E8-041F1EF3389E}.Debug|Any CPU.Build.0 = Debug|Any CPU
		{C352C0A4-C183-408B-99E8-041F1EF3389E}.Release|Any CPU.ActiveCfg = Release|Any CPU
		{C352C0A4-C183-408B-99E8-041F1EF3389E}.Release|Any CPU.Build.0 = Release|Any CPU
	EndGlobalSection
	GlobalSection(SolutionProperties) = preSolution
		HideSolutionNode = FALSE
	EndGlobalSection
	GlobalSection(ExtensibilityGlobals) = postSolution
		SolutionGuid = {194667ED-32DA-46E9-B1BA-07E3A04C4D4A}
	EndGlobalSection
EndGlobal
